<?xml version="1.0" encoding="utf-8"?>
<Project ToolsVersion="4.0" xmlns="http://schemas.microsoft.com/developer/msbuild/2003">
  <ItemGroup>
    <ClCompile Include="stdafx.cpp">
      <Filter>Main</Filter>
    </ClCompile>
    <ClCompile Include="Space.cpp">
      <Filter>Main</Filter>
    </ClCompile>
    <ClCompile Include="Animation.cpp">
      <Filter>FrameWork\Mgrs</Filter>
    </ClCompile>
    <ClCompile Include="Camera.cpp">
      <Filter>FrameWork\Mgrs</Filter>
    </ClCompile>
    <ClCompile Include="Object.cpp">
      <Filter>FrameWork\Mgrs</Filter>
    </ClCompile>
    <ClCompile Include="Scene.cpp">
      <Filter>FrameWork\Mgrs</Filter>
    </ClCompile>
    <ClCompile Include="Sprite.cpp">
      <Filter>FrameWork\Mgrs</Filter>
    </ClCompile>
    <ClCompile Include="Texture.cpp">
      <Filter>FrameWork\Mgrs</Filter>
    </ClCompile>
    <ClCompile Include="Renderer.cpp">
      <Filter>FrameWork\Core</Filter>
    </ClCompile>
    <ClCompile Include="ResourceMgr.cpp">
      <Filter>FrameWork\Core</Filter>
    </ClCompile>
    <ClCompile Include="SceneDirector.cpp">
      <Filter>FrameWork\Core</Filter>
    </ClCompile>
    <ClCompile Include="App.cpp">
      <Filter>FrameWork\Core</Filter>
    </ClCompile>
    <ClCompile Include="Input.cpp">
      <Filter>FrameWork\Core</Filter>
    </ClCompile>
    <ClCompile Include="SoundMgr.cpp">
      <Filter>Game\Mgrs</Filter>
    </ClCompile>
    <ClCompile Include="TextMgr.cpp">
      <Filter>Game\Mgrs</Filter>
    </ClCompile>
    <ClCompile Include="ObjectMgr.cpp">
      <Filter>Game\Mgrs</Filter>
    </ClCompile>
    <ClCompile Include="EffectMgr.cpp">
      <Filter>Game\Mgrs</Filter>
    </ClCompile>
    <ClCompile Include="CollisionMgr.cpp">
      <Filter>Game\Mgrs</Filter>
    </ClCompile>
    <ClCompile Include="Player.cpp">
      <Filter>Game</Filter>
    </ClCompile>
    <ClCompile Include="MainScene.cpp">
      <Filter>Game\Scene</Filter>
    </ClCompile>
    <ClCompile Include="Stage1.cpp">
      <Filter>Game\Stage</Filter>
    </ClCompile>
    <ClCompile Include="UI.cpp">
      <Filter>Game\Mgrs</Filter>
    </ClCompile>
    <ClCompile Include="GameMgr.cpp">
      <Filter>Game\Mgrs</Filter>
    </ClCompile>
    <ClCompile Include="Evasion.cpp">
      <Filter>Game</Filter>
    </ClCompile>
    <ClCompile Include="Option.cpp">
      <Filter>Game\Scene</Filter>
    </ClCompile>
    <ClCompile Include="Detail_Option.cpp">
      <Filter>Game\Scene</Filter>
    </ClCompile>
    <ClCompile Include="Wall.cpp">
      <Filter>Game\Stage</Filter>
    </ClCompile>
    <ClCompile Include="Enemy.cpp">
      <Filter>Game</Filter>
    </ClCompile>
    <ClCompile Include="Weapon.cpp">
      <Filter>Game\Weapon</Filter>
    </ClCompile>
    <ClCompile Include="Weapon_case.cpp">
      <Filter>Game\Weapon</Filter>
    </ClCompile>
    <ClCompile Include="Obstacle.cpp">
      <Filter>Game\Stage</Filter>
    </ClCompile>
    <ClCompile Include="Melee.cpp">
      <Filter>Game\Weapon</Filter>
    </ClCompile>
    <ClCompile Include="Grenade.cpp">
      <Filter>Game\Weapon</Filter>
    </ClCompile>
    <ClCompile Include="Bullet.cpp">
      <Filter>Game\Weapon</Filter>
    </ClCompile>
  </ItemGroup>
  <ItemGroup>
    <ClInclude Include="stdafx.h">
      <Filter>Main</Filter>
    </ClInclude>
    <ClInclude Include="Animation.h">
      <Filter>FrameWork\Mgrs</Filter>
    </ClInclude>
    <ClInclude Include="Camera.h">
      <Filter>FrameWork\Mgrs</Filter>
    </ClInclude>
    <ClInclude Include="Object.h">
      <Filter>FrameWork\Mgrs</Filter>
    </ClInclude>
    <ClInclude Include="Scene.h">
      <Filter>FrameWork\Mgrs</Filter>
    </ClInclude>
    <ClInclude Include="Sprite.h">
      <Filter>FrameWork\Mgrs</Filter>
    </ClInclude>
    <ClInclude Include="Renderer.h">
      <Filter>FrameWork\Core</Filter>
    </ClInclude>
    <ClInclude Include="ResourceMgr.h">
      <Filter>FrameWork\Core</Filter>
    </ClInclude>
    <ClInclude Include="SceneDirector.h">
      <Filter>FrameWork\Core</Filter>
    </ClInclude>
    <ClInclude Include="Singleton.h">
      <Filter>FrameWork\Core</Filter>
    </ClInclude>
    <ClInclude Include="App.h">
      <Filter>FrameWork\Core</Filter>
    </ClInclude>
    <ClInclude Include="Input.h">
      <Filter>FrameWork\Core</Filter>
    </ClInclude>
    <ClInclude Include="SoundMgr.h">
      <Filter>Game\Mgrs</Filter>
    </ClInclude>
    <ClInclude Include="TextMgr.h">
      <Filter>Game\Mgrs</Filter>
    </ClInclude>
    <ClInclude Include="ObjectMgr.h">
      <Filter>Game\Mgrs</Filter>
    </ClInclude>
    <ClInclude Include="EffectMgr.h">
      <Filter>Game\Mgrs</Filter>
    </ClInclude>
    <ClInclude Include="CollisionMgr.h">
      <Filter>Game\Mgrs</Filter>
    </ClInclude>
    <ClInclude Include="Player.h">
      <Filter>Game</Filter>
    </ClInclude>
    <ClInclude Include="MainScene.h">
      <Filter>Game\Scene</Filter>
    </ClInclude>
    <ClInclude Include="Stage1.h">
      <Filter>Game\Stage</Filter>
    </ClInclude>
    <ClInclude Include="UI.h">
      <Filter>Game\Mgrs</Filter>
    </ClInclude>
    <ClInclude Include="GameMgr.h">
      <Filter>Game\Mgrs</Filter>
    </ClInclude>
    <ClInclude Include="Evasion.h">
      <Filter>Game</Filter>
    </ClInclude>
    <ClInclude Include="Texture.h">
      <Filter>FrameWork\Mgrs</Filter>
    </ClInclude>
    <ClInclude Include="Option.h">
      <Filter>Game\Scene</Filter>
    </ClInclude>
    <ClInclude Include="Detail_Option.h">
      <Filter>Game\Scene</Filter>
    </ClInclude>
    <ClInclude Include="Wall.h">
      <Filter>Game\Stage</Filter>
    </ClInclude>
    <ClInclude Include="Weapon.h">
      <Filter>Game\Weapon</Filter>
    </ClInclude>
    <ClInclude Include="Weapon_case.h">
      <Filter>Game\Weapon</Filter>
    </ClInclude>
    <ClInclude Include="Obstacle.h">
      <Filter>Game\Stage</Filter>
    </ClInclude>
    <ClInclude Include="Enemy.h">
      <Filter>Game\Weapon</Filter>
    </ClInclude>
    <ClInclude Include="Grenade.h">
      <Filter>Game\Weapon</Filter>
    </ClInclude>
    <ClInclude Include="Melee.h">
      <Filter>Game\Weapon</Filter>
    </ClInclude>
    <ClInclude Include="Bullet.h">
      <Filter>Game\Weapon</Filter>
    </ClInclude>
  </ItemGroup>
  <ItemGroup>
    <Filter Include="FrameWork">
      <UniqueIdentifier>{6dfe6e5b-2139-4c92-b762-37484d300f6b}</UniqueIdentifier>
    </Filter>
    <Filter Include="FrameWork\Core">
      <UniqueIdentifier>{3cf0882e-9261-4f14-9bb7-0c5958894382}</UniqueIdentifier>
    </Filter>
    <Filter Include="FrameWork\Mgrs">
      <UniqueIdentifier>{49d78fb8-5768-4c76-a0e8-8051119c933e}</UniqueIdentifier>
    </Filter>
    <Filter Include="Main">
      <UniqueIdentifier>{a63c9141-89f0-497a-9004-a0af6d86bb1c}</UniqueIdentifier>
    </Filter>
    <Filter Include="Game">
      <UniqueIdentifier>{16ceae7a-26c3-41f7-b88f-4b25e2d45c74}</UniqueIdentifier>
    </Filter>
    <Filter Include="Game\Mgrs">
      <UniqueIdentifier>{a00b6775-0b43-429e-a0aa-de3964eadff9}</UniqueIdentifier>
    </Filter>
    <Filter Include="Game\Scene">
      <UniqueIdentifier>{b9b088bb-1297-4440-a544-b3496bde88ed}</UniqueIdentifier>
    </Filter>
    <Filter Include="Game\Stage">
      <UniqueIdentifier>{22854ae9-34ce-4f94-b76d-77b7099737d1}</UniqueIdentifier>
    </Filter>
    <Filter Include="Game\Weapon">
      <UniqueIdentifier>{722baf89-86ea-4f8a-a1ca-886e965a0f4c}</UniqueIdentifier>
    </Filter>
  </ItemGroup>
</Project>